{
    "_readme": [
        "This file locks the dependencies of your project to a known state",
        "Read more about it at https://getcomposer.org/doc/01-basic-usage.md#composer-lock-the-lock-file",
        "This file is @generated automatically"
    ],
    "hash": "52440808cc8d46d29c54796e8036eacb",
    "content-hash": "9ab2d5f808dca0d41c3545c244d95977",
    "packages": [
        {
            "name": "bcosca/fatfree-core",
            "version": "3.5.1",
            "source": {
                "type": "git",
                "url": "https://github.com/bcosca/fatfree-core.git",
                "reference": "f7ce46c9f93808ec52b9cb904bcb02367c29ca43"
            },
            "dist": {
                "type": "zip",
                "url": "https://api.github.com/repos/bcosca/fatfree-core/zipball/f7ce46c9f93808ec52b9cb904bcb02367c29ca43",
                "reference": "f7ce46c9f93808ec52b9cb904bcb02367c29ca43",
                "shasum": ""
            },
            "require": {
                "php": ">=5.3.6"
            },
            "type": "library",
            "autoload": {
                "classmap": [
                    "."
                ]
            },
            "notification-url": "https://packagist.org/downloads/",
            "license": [
                "GPL-3.0"
            ],
            "description": "A powerful yet easy-to-use PHP micro-framework designed to help you build dynamic and robust Web applications - fast!",
            "homepage": "http://fatfreeframework.com/",
            "time": "2015-12-31 17:11:22"
        },
        {
            "name": "xpaw/php-source-query-class",
            "version": "1.0.0",
            "source": {
                "type": "git",
                "url": "https://github.com/xPaw/PHP-Source-Query.git",
                "reference": "e798d8f7c2cdbfdd6496a8cd4574be32504c3338"
            },
            "dist": {
                "type": "zip",
                "url": "https://api.github.com/repos/xPaw/PHP-Source-Query/zipball/e798d8f7c2cdbfdd6496a8cd4574be32504c3338",
                "reference": "e798d8f7c2cdbfdd6496a8cd4574be32504c3338",
                "shasum": ""
            },
            "require": {
                "php": ">=5.4"
            },
            "type": "library",
            "autoload": {
                "psr-4": {
                    "xPaw\\SourceQuery\\": "SourceQuery/"
                }
            },
            "notification-url": "https://packagist.org/downloads/",
            "license": [
                "LGPL-2.1"
            ],
            "description": "PHP library to query and send RCON commands to servers based on \"Source Engine Query\" protocol",
            "homepage": "https://github.com/xPaw/PHP-Source-Query",
            "keywords": [
                "ark",
                "counter-strike",
                "csgo",
                "gmod",
                "minecraft",
                "rcon",
                "rust",
                "starbound",
                "team fortress"
            ],
            "time": "2015-10-11 10:10:35"
        }
    ],
    "packages-dev": [],
    "aliases": [],
    "minimum-stability": "stable",
    "stability-flags": [],
    "prefer-stable": false,
    "prefer-lowest": false,
    "platform": [],
    "platform-dev": []
}
